
Microsoft Visual Studio Solution File, Format Version 12.00
# Visual Studio Version 17
VisualStudioVersion = 17.3.32811.315
MinimumVisualStudioVersion = 10.0.40219.1
Project("{9A19103F-16F7-4668-BE54-9A1E7A4F7556}") = "WebAPIProjectApplication", "WebAPIProjectApplication.csproj", "{5815ABA4-03B9-42FC-B5E1-8D9531EB6FB4}"
EndProject
Project("{9A19103F-16F7-4668-BE54-9A1E7A4F7556}") = "CreateAndSearchBook", "..\CreateAndSearchBook\CreateAndSearchBook.csproj", "{B9EE7F22-90C9-4CA9-8D7D-17BBE2819466}"
EndProject
Project("{9A19103F-16F7-4668-BE54-9A1E7A4F7556}") = "Gateway", "..\Gateway\Gateway.csproj", "{4F0B88AC-15DC-4B2D-9787-C5647B7B65CB}"
EndProject
Project("{FAE04EC0-301F-11D3-BF4B-00C04F79EFBC}") = "TokenService", "..\TokenService\TokenService.csproj", "{8F6795ED-FA34-4F07-A5A4-08ED354C5A73}"
EndProject
Global
	GlobalSection(SolutionConfigurationPlatforms) = preSolution
		Debug|Any CPU = Debug|Any CPU
		Release|Any CPU = Release|Any CPU
	EndGlobalSection
	GlobalSection(ProjectConfigurationPlatforms) = postSolution
		{5815ABA4-03B9-42FC-B5E1-8D9531EB6FB4}.Debug|Any CPU.ActiveCfg = Debug|Any CPU
		{5815ABA4-03B9-42FC-B5E1-8D9531EB6FB4}.Debug|Any CPU.Build.0 = Debug|Any CPU
		{5815ABA4-03B9-42FC-B5E1-8D9531EB6FB4}.Release|Any CPU.ActiveCfg = Release|Any CPU
		{5815ABA4-03B9-42FC-B5E1-8D9531EB6FB4}.Release|Any CPU.Build.0 = Release|Any CPU
		{B9EE7F22-90C9-4CA9-8D7D-17BBE2819466}.Debug|Any CPU.ActiveCfg = Debug|Any CPU
		{B9EE7F22-90C9-4CA9-8D7D-17BBE2819466}.Debug|Any CPU.Build.0 = Debug|Any CPU
		{B9EE7F22-90C9-4CA9-8D7D-17BBE2819466}.Release|Any CPU.ActiveCfg = Release|Any CPU
		{B9EE7F22-90C9-4CA9-8D7D-17BBE2819466}.Release|Any CPU.Build.0 = Release|Any CPU
		{4F0B88AC-15DC-4B2D-9787-C5647B7B65CB}.Debug|Any CPU.ActiveCfg = Debug|Any CPU
		{4F0B88AC-15DC-4B2D-9787-C5647B7B65CB}.Debug|Any CPU.Build.0 = Debug|Any CPU
		{4F0B88AC-15DC-4B2D-9787-C5647B7B65CB}.Release|Any CPU.ActiveCfg = Release|Any CPU
		{4F0B88AC-15DC-4B2D-9787-C5647B7B65CB}.Release|Any CPU.Build.0 = Release|Any CPU
		{8F6795ED-FA34-4F07-A5A4-08ED354C5A73}.Debug|Any CPU.ActiveCfg = Debug|Any CPU
		{8F6795ED-FA34-4F07-A5A4-08ED354C5A73}.Debug|Any CPU.Build.0 = Debug|Any CPU
		{8F6795ED-FA34-4F07-A5A4-08ED354C5A73}.Release|Any CPU.ActiveCfg = Release|Any CPU
		{8F6795ED-FA34-4F07-A5A4-08ED354C5A73}.Release|Any CPU.Build.0 = Release|Any CPU
	EndGlobalSection
	GlobalSection(SolutionProperties) = preSolution
		HideSolutionNode = FALSE
	EndGlobalSection
	GlobalSection(ExtensibilityGlobals) = postSolution
		SolutionGuid = {EB2C1AD3-E08A-47F0-BEFD-A36F4D5CD388}
	EndGlobalSection
EndGlobal
