
Microsoft Visual Studio Solution File, Format Version 12.00
# Visual Studio Version 17
VisualStudioVersion = 17.3.32811.315
MinimumVisualStudioVersion = 10.0.40219.1
Project("{FAE04EC0-301F-11D3-BF4B-00C04F79EFBC}") = "EmployeeDetails", "EmployeeDetails\EmployeeDetails.csproj", "{8F0AB9D1-1724-4C2F-BC0F-D15A046DB914}"
EndProject
Global
	GlobalSection(SolutionConfigurationPlatforms) = preSolution
		Debug|Any CPU = Debug|Any CPU
		Release|Any CPU = Release|Any CPU
	EndGlobalSection
	GlobalSection(ProjectConfigurationPlatforms) = postSolution
		{8F0AB9D1-1724-4C2F-BC0F-D15A046DB914}.Debug|Any CPU.ActiveCfg = Debug|Any CPU
		{8F0AB9D1-1724-4C2F-BC0F-D15A046DB914}.Debug|Any CPU.Build.0 = Debug|Any CPU
		{8F0AB9D1-1724-4C2F-BC0F-D15A046DB914}.Release|Any CPU.ActiveCfg = Release|Any CPU
		{8F0AB9D1-1724-4C2F-BC0F-D15A046DB914}.Release|Any CPU.Build.0 = Release|Any CPU
	EndGlobalSection
	GlobalSection(SolutionProperties) = preSolution
		HideSolutionNode = FALSE
	EndGlobalSection
	GlobalSection(ExtensibilityGlobals) = postSolution
		SolutionGuid = {D53BD6FE-C8D0-4AC0-9535-0C5A2510444C}
	EndGlobalSection
EndGlobal
