
Microsoft Visual Studio Solution File, Format Version 12.00
# Visual Studio Version 17
VisualStudioVersion = 17.3.32811.315
MinimumVisualStudioVersion = 10.0.40219.1
Project("{FAE04EC0-301F-11D3-BF4B-00C04F79EFBC}") = "Asurefunction1", "Asurefunction1.csproj", "{0CCAE9CA-71DB-47B6-BA34-CBBC92E12B6C}"
EndProject
Global
	GlobalSection(SolutionConfigurationPlatforms) = preSolution
		Debug|Any CPU = Debug|Any CPU
		Release|Any CPU = Release|Any CPU
	EndGlobalSection
	GlobalSection(ProjectConfigurationPlatforms) = postSolution
		{0CCAE9CA-71DB-47B6-BA34-CBBC92E12B6C}.Debug|Any CPU.ActiveCfg = Debug|Any CPU
		{0CCAE9CA-71DB-47B6-BA34-CBBC92E12B6C}.Debug|Any CPU.Build.0 = Debug|Any CPU
		{0CCAE9CA-71DB-47B6-BA34-CBBC92E12B6C}.Release|Any CPU.ActiveCfg = Release|Any CPU
		{0CCAE9CA-71DB-47B6-BA34-CBBC92E12B6C}.Release|Any CPU.Build.0 = Release|Any CPU
	EndGlobalSection
	GlobalSection(SolutionProperties) = preSolution
		HideSolutionNode = FALSE
	EndGlobalSection
	GlobalSection(ExtensibilityGlobals) = postSolution
		SolutionGuid = {6953A1C7-E1AE-42EA-B688-D6D74C518FB0}
	EndGlobalSection
EndGlobal
